// !$*UTF8*$!
{
	archiveVersion = 1;
	classes = {
	};
	objectVersion = 56;
	objects = {

/* Begin PBXBuildFile section */
		BFA42AAB2AC53260002FAE1F /* FundamentalsApp.swift in Sources */ = {isa = PBXBuildFile; fileRef = BFA42AAA2AC53260002FAE1F /* FundamentalsApp.swift */; };
		BFA42AAD2AC53260002FAE1F /* ContentView.swift in Sources */ = {isa = PBXBuildFile; fileRef = BFA42AAC2AC53260002FAE1F /* ContentView.swift */; };
		BFA42AAF2AC53262002FAE1F /* Assets.xcassets in Resources */ = {isa = PBXBuildFile; fileRef = BFA42AAE2AC53262002FAE1F /* Assets.xcassets */; };
		BFA42AB22AC53262002FAE1F /* Preview Assets.xcassets in Resources */ = {isa = PBXBuildFile; fileRef = BFA42AB12AC53262002FAE1F /* Preview Assets.xcassets */; };
		BFA42ABB2AC57845002FAE1F /* Framework.swift in Sources */ = {isa = PBXBuildFile; fileRef = BFA42ABA2AC57845002FAE1F /* Framework.swift */; };
		BFA42ABD2AC57AD0002FAE1F /* FrameworkGridView.swift in Sources */ = {isa = PBXBuildFile; fileRef = BFA42ABC2AC57AD0002FAE1F /* FrameworkGridView.swift */; };
		BFA42ABF2AC5800D002FAE1F /* FrameWorkDetailView.swift in Sources */ = {isa = PBXBuildFile; fileRef = BFA42ABE2AC5800D002FAE1F /* FrameWorkDetailView.swift */; };
		BFA42AC12AC585B1002FAE1F /* AFButton.swift in Sources */ = {isa = PBXBuildFile; fileRef = BFA42AC02AC585B1002FAE1F /* AFButton.swift */; };
		BFA42AC32AC5883B002FAE1F /* FrameworkGridViewModel.swift in Sources */ = {isa = PBXBuildFile; fileRef = BFA42AC22AC5883B002FAE1F /* FrameworkGridViewModel.swift */; };
		BFA42AC52AC593F6002FAE1F /* SafariView.swift in Sources */ = {isa = PBXBuildFile; fileRef = BFA42AC42AC593F6002FAE1F /* SafariView.swift */; };
		BFA42AC82AC5A7EC002FAE1F /* BarcodeScannerView.swift in Sources */ = {isa = PBXBuildFile; fileRef = BFA42AC72AC5A7EC002FAE1F /* BarcodeScannerView.swift */; };
		BFA42ACB2AC5AC8A002FAE1F /* ScannerVC.swift in Sources */ = {isa = PBXBuildFile; fileRef = BFA42ACA2AC5AC8A002FAE1F /* ScannerVC.swift */; };
		BFA42ACD2AC5C044002FAE1F /* ScannerView.swift in Sources */ = {isa = PBXBuildFile; fileRef = BFA42ACC2AC5C044002FAE1F /* ScannerView.swift */; };
/* End PBXBuildFile section */

/* Begin PBXFileReference section */
		BFA42AA72AC53260002FAE1F /* Fundamentals.app */ = {isa = PBXFileReference; explicitFileType = wrapper.application; includeInIndex = 0; path = Fundamentals.app; sourceTree = BUILT_PRODUCTS_DIR; };
		BFA42AAA2AC53260002FAE1F /* FundamentalsApp.swift */ = {isa = PBXFileReference; lastKnownFileType = sourcecode.swift; path = FundamentalsApp.swift; sourceTree = "<group>"; };
		BFA42AAC2AC53260002FAE1F /* ContentView.swift */ = {isa = PBXFileReference; lastKnownFileType = sourcecode.swift; path = ContentView.swift; sourceTree = "<group>"; };
		BFA42AAE2AC53262002FAE1F /* Assets.xcassets */ = {isa = PBXFileReference; lastKnownFileType = folder.assetcatalog; path = Assets.xcassets; sourceTree = "<group>"; };
		BFA42AB12AC53262002FAE1F /* Preview Assets.xcassets */ = {isa = PBXFileReference; lastKnownFileType = folder.assetcatalog; path = "Preview Assets.xcassets"; sourceTree = "<group>"; };
		BFA42ABA2AC57845002FAE1F /* Framework.swift */ = {isa = PBXFileReference; lastKnownFileType = sourcecode.swift; path = Framework.swift; sourceTree = "<group>"; };
		BFA42ABC2AC57AD0002FAE1F /* FrameworkGridView.swift */ = {isa = PBXFileReference; lastKnownFileType = sourcecode.swift; path = FrameworkGridView.swift; sourceTree = "<group>"; };
		BFA42ABE2AC5800D002FAE1F /* FrameWorkDetailView.swift */ = {isa = PBXFileReference; lastKnownFileType = sourcecode.swift; path = FrameWorkDetailView.swift; sourceTree = "<group>"; };
		BFA42AC02AC585B1002FAE1F /* AFButton.swift */ = {isa = PBXFileReference; lastKnownFileType = sourcecode.swift; path = AFButton.swift; sourceTree = "<group>"; };
		BFA42AC22AC5883B002FAE1F /* FrameworkGridViewModel.swift */ = {isa = PBXFileReference; lastKnownFileType = sourcecode.swift; path = FrameworkGridViewModel.swift; sourceTree = "<group>"; };
		BFA42AC42AC593F6002FAE1F /* SafariView.swift */ = {isa = PBXFileReference; lastKnownFileType = sourcecode.swift; path = SafariView.swift; sourceTree = "<group>"; };
		BFA42AC72AC5A7EC002FAE1F /* BarcodeScannerView.swift */ = {isa = PBXFileReference; lastKnownFileType = sourcecode.swift; path = BarcodeScannerView.swift; sourceTree = "<group>"; };
		BFA42AC92AC5A9F0002FAE1F /* Info.plist */ = {isa = PBXFileReference; lastKnownFileType = text.plist; path = Info.plist; sourceTree = "<group>"; };
		BFA42ACA2AC5AC8A002FAE1F /* ScannerVC.swift */ = {isa = PBXFileReference; lastKnownFileType = sourcecode.swift; path = ScannerVC.swift; sourceTree = "<group>"; };
		BFA42ACC2AC5C044002FAE1F /* ScannerView.swift */ = {isa = PBXFileReference; lastKnownFileType = sourcecode.swift; path = ScannerView.swift; sourceTree = "<group>"; };
/* End PBXFileReference section */

/* Begin PBXFrameworksBuildPhase section */
		BFA42AA42AC53260002FAE1F /* Frameworks */ = {
			isa = PBXFrameworksBuildPhase;
			buildActionMask = 2147483647;
			files = (
			);
			runOnlyForDeploymentPostprocessing = 0;
		};
/* End PBXFrameworksBuildPhase section */

/* Begin PBXGroup section */
		BFA42A9E2AC53260002FAE1F = {
			isa = PBXGroup;
			children = (
				BFA42AA92AC53260002FAE1F /* Fundamentals */,
				BFA42AA82AC53260002FAE1F /* Products */,
			);
			sourceTree = "<group>";
		};
		BFA42AA82AC53260002FAE1F /* Products */ = {
			isa = PBXGroup;
			children = (
				BFA42AA72AC53260002FAE1F /* Fundamentals.app */,
			);
			name = Products;
			sourceTree = "<group>";
		};
		BFA42AA92AC53260002FAE1F /* Fundamentals */ = {
			isa = PBXGroup;
			children = (
				BFA42AC92AC5A9F0002FAE1F /* Info.plist */,
				BFA42AC62AC5A76D002FAE1F /* BarCodeScanner */,
				BFA42AB92AC57351002FAE1F /* AppleFrameWork */,
				BFA42AB82AC53423002FAE1F /* WeatherApp */,
				BFA42AAA2AC53260002FAE1F /* FundamentalsApp.swift */,
				BFA42AAE2AC53262002FAE1F /* Assets.xcassets */,
				BFA42AB02AC53262002FAE1F /* Preview Content */,
			);
			path = Fundamentals;
			sourceTree = "<group>";
		};
		BFA42AB02AC53262002FAE1F /* Preview Content */ = {
			isa = PBXGroup;
			children = (
				BFA42AB12AC53262002FAE1F /* Preview Assets.xcassets */,
			);
			path = "Preview Content";
			sourceTree = "<group>";
		};
		BFA42AB82AC53423002FAE1F /* WeatherApp */ = {
			isa = PBXGroup;
			children = (
				BFA42AAC2AC53260002FAE1F /* ContentView.swift */,
			);
			path = WeatherApp;
			sourceTree = "<group>";
		};
		BFA42AB92AC57351002FAE1F /* AppleFrameWork */ = {
			isa = PBXGroup;
			children = (
				BFA42ABA2AC57845002FAE1F /* Framework.swift */,
				BFA42ABC2AC57AD0002FAE1F /* FrameworkGridView.swift */,
				BFA42ABE2AC5800D002FAE1F /* FrameWorkDetailView.swift */,
				BFA42AC02AC585B1002FAE1F /* AFButton.swift */,
				BFA42AC22AC5883B002FAE1F /* FrameworkGridViewModel.swift */,
				BFA42AC42AC593F6002FAE1F /* SafariView.swift */,
			);
			path = AppleFrameWork;
			sourceTree = "<group>";
		};
		BFA42AC62AC5A76D002FAE1F /* BarCodeScanner */ = {
			isa = PBXGroup;
			children = (
				BFA42AC72AC5A7EC002FAE1F /* BarcodeScannerView.swift */,
				BFA42ACA2AC5AC8A002FAE1F /* ScannerVC.swift */,
				BFA42ACC2AC5C044002FAE1F /* ScannerView.swift */,
			);
			path = BarCodeScanner;
			sourceTree = "<group>";
		};
/* End PBXGroup section */

/* Begin PBXNativeTarget section */
		BFA42AA62AC53260002FAE1F /* Fundamentals */ = {
			isa = PBXNativeTarget;
			buildConfigurationList = BFA42AB52AC53262002FAE1F /* Build configuration list for PBXNativeTarget "Fundamentals" */;
			buildPhases = (
				BFA42AA32AC53260002FAE1F /* Sources */,
				BFA42AA42AC53260002FAE1F /* Frameworks */,
				BFA42AA52AC53260002FAE1F /* Resources */,
			);
			buildRules = (
			);
			dependencies = (
			);
			name = Fundamentals;
			productName = Fundamentals;
			productReference = BFA42AA72AC53260002FAE1F /* Fundamentals.app */;
			productType = "com.apple.product-type.application";
		};
/* End PBXNativeTarget section */

/* Begin PBXProject section */
		BFA42A9F2AC53260002FAE1F /* Project object */ = {
			isa = PBXProject;
			attributes = {
				BuildIndependentTargetsInParallel = 1;
				LastSwiftUpdateCheck = 1420;
				LastUpgradeCheck = 1420;
				TargetAttributes = {
					BFA42AA62AC53260002FAE1F = {
						CreatedOnToolsVersion = 14.2;
					};
				};
			};
			buildConfigurationList = BFA42AA22AC53260002FAE1F /* Build configuration list for PBXProject "Fundamentals" */;
			compatibilityVersion = "Xcode 14.0";
			developmentRegion = en;
			hasScannedForEncodings = 0;
			knownRegions = (
				en,
				Base,
			);
			mainGroup = BFA42A9E2AC53260002FAE1F;
			productRefGroup = BFA42AA82AC53260002FAE1F /* Products */;
			projectDirPath = "";
			projectRoot = "";
			targets = (
				BFA42AA62AC53260002FAE1F /* Fundamentals */,
			);
		};
/* End PBXProject section */

/* Begin PBXResourcesBuildPhase section */
		BFA42AA52AC53260002FAE1F /* Resources */ = {
			isa = PBXResourcesBuildPhase;
			buildActionMask = 2147483647;
			files = (
				BFA42AB22AC53262002FAE1F /* Preview Assets.xcassets in Resources */,
				BFA42AAF2AC53262002FAE1F /* Assets.xcassets in Resources */,
			);
			runOnlyForDeploymentPostprocessing = 0;
		};
/* End PBXResourcesBuildPhase section */

/* Begin PBXSourcesBuildPhase section */
		BFA42AA32AC53260002FAE1F /* Sources */ = {
			isa = PBXSourcesBuildPhase;
			buildActionMask = 2147483647;
			files = (
				BFA42AAD2AC53260002FAE1F /* ContentView.swift in Sources */,
				BFA42ABF2AC5800D002FAE1F /* FrameWorkDetailView.swift in Sources */,
				BFA42ABD2AC57AD0002FAE1F /* FrameworkGridView.swift in Sources */,
				BFA42ABB2AC57845002FAE1F /* Framework.swift in Sources */,
				BFA42AC82AC5A7EC002FAE1F /* BarcodeScannerView.swift in Sources */,
				BFA42ACB2AC5AC8A002FAE1F /* ScannerVC.swift in Sources */,
				BFA42AC52AC593F6002FAE1F /* SafariView.swift in Sources */,
				BFA42AC12AC585B1002FAE1F /* AFButton.swift in Sources */,
				BFA42AC32AC5883B002FAE1F /* FrameworkGridViewModel.swift in Sources */,
				BFA42ACD2AC5C044002FAE1F /* ScannerView.swift in Sources */,
				BFA42AAB2AC53260002FAE1F /* FundamentalsApp.swift in Sources */,
			);
			runOnlyForDeploymentPostprocessing = 0;
		};
/* End PBXSourcesBuildPhase section */

/* Begin XCBuildConfiguration section */
		BFA42AB32AC53262002FAE1F /* Debug */ = {
			isa = XCBuildConfiguration;
			buildSettings = {
				ALWAYS_SEARCH_USER_PATHS = NO;
				CLANG_ANALYZER_NONNULL = YES;
				CLANG_ANALYZER_NUMBER_OBJECT_CONVERSION = YES_AGGRESSIVE;
				CLANG_CXX_LANGUAGE_STANDARD = "gnu++20";
				CLANG_ENABLE_MODULES = YES;
				CLANG_ENABLE_OBJC_ARC = YES;
				CLANG_ENABLE_OBJC_WEAK = YES;
				CLANG_WARN_BLOCK_CAPTURE_AUTORELEASING = YES;
				CLANG_WARN_BOOL_CONVERSION = YES;
				CLANG_WARN_COMMA = YES;
				CLANG_WARN_CONSTANT_CONVERSION = YES;
				CLANG_WARN_DEPRECATED_OBJC_IMPLEMENTATIONS = YES;
				CLANG_WARN_DIRECT_OBJC_ISA_USAGE = YES_ERROR;
				CLANG_WARN_DOCUMENTATION_COMMENTS = YES;
				CLANG_WARN_EMPTY_BODY = YES;
				CLANG_WARN_ENUM_CONVERSION = YES;
				CLANG_WARN_INFINITE_RECURSION = YES;
				CLANG_WARN_INT_CONVERSION = YES;
				CLANG_WARN_NON_LITERAL_NULL_CONVERSION = YES;
				CLANG_WARN_OBJC_IMPLICIT_RETAIN_SELF = YES;
				CLANG_WARN_OBJC_LITERAL_CONVERSION = YES;
				CLANG_WARN_OBJC_ROOT_CLASS = YES_ERROR;
				CLANG_WARN_QUOTED_INCLUDE_IN_FRAMEWORK_HEADER = YES;
				CLANG_WARN_RANGE_LOOP_ANALYSIS = YES;
				CLANG_WARN_STRICT_PROTOTYPES = YES;
				CLANG_WARN_SUSPICIOUS_MOVE = YES;
				CLANG_WARN_UNGUARDED_AVAILABILITY = YES_AGGRESSIVE;
				CLANG_WARN_UNREACHABLE_CODE = YES;
				CLANG_WARN__DUPLICATE_METHOD_MATCH = YES;
				COPY_PHASE_STRIP = NO;
				DEBUG_INFORMATION_FORMAT = dwarf;
				ENABLE_STRICT_OBJC_MSGSEND = YES;
				ENABLE_TESTABILITY = YES;
				GCC_C_LANGUAGE_STANDARD = gnu11;
				GCC_DYNAMIC_NO_PIC = NO;
				GCC_NO_COMMON_BLOCKS = YES;
				GCC_OPTIMIZATION_LEVEL = 0;
				GCC_PREPROCESSOR_DEFINITIONS = (
					"DEBUG=1",
					"$(inherited)",
				);
				GCC_WARN_64_TO_32_BIT_CONVERSION = YES;
				GCC_WARN_ABOUT_RETURN_TYPE = YES_ERROR;
				GCC_WARN_UNDECLARED_SELECTOR = YES;
				GCC_WARN_UNINITIALIZED_AUTOS = YES_AGGRESSIVE;
				GCC_WARN_UNUSED_FUNCTION = YES;
				GCC_WARN_UNUSED_VARIABLE = YES;
				IPHONEOS_DEPLOYMENT_TARGET = 16.2;
				MTL_ENABLE_DEBUG_INFO = INCLUDE_SOURCE;
				MTL_FAST_MATH = YES;
				ONLY_ACTIVE_ARCH = YES;
				SDKROOT = iphoneos;
				SWIFT_ACTIVE_COMPILATION_CONDITIONS = DEBUG;
				SWIFT_OPTIMIZATION_LEVEL = "-Onone";
			};
			name = Debug;
		};
		BFA42AB42AC53262002FAE1F /* Release */ = {
			isa = XCBuildConfiguration;
			buildSettings = {
				ALWAYS_SEARCH_USER_PATHS = NO;
				CLANG_ANALYZER_NONNULL = YES;
				CLANG_ANALYZER_NUMBER_OBJECT_CONVERSION = YES_AGGRESSIVE;
				CLANG_CXX_LANGUAGE_STANDARD = "gnu++20";
				CLANG_ENABLE_MODULES = YES;
				CLANG_ENABLE_OBJC_ARC = YES;
				CLANG_ENABLE_OBJC_WEAK = YES;
				CLANG_WARN_BLOCK_CAPTURE_AUTORELEASING = YES;
				CLANG_WARN_BOOL_CONVERSION = YES;
				CLANG_WARN_COMMA = YES;
				CLANG_WARN_CONSTANT_CONVERSION = YES;
				CLANG_WARN_DEPRECATED_OBJC_IMPLEMENTATIONS = YES;
				CLANG_WARN_DIRECT_OBJC_ISA_USAGE = YES_ERROR;
				CLANG_WARN_DOCUMENTATION_COMMENTS = YES;
				CLANG_WARN_EMPTY_BODY = YES;
				CLANG_WARN_ENUM_CONVERSION = YES;
				CLANG_WARN_INFINITE_RECURSION = YES;
				CLANG_WARN_INT_CONVERSION = YES;
				CLANG_WARN_NON_LITERAL_NULL_CONVERSION = YES;
				CLANG_WARN_OBJC_IMPLICIT_RETAIN_SELF = YES;
				CLANG_WARN_OBJC_LITERAL_CONVERSION = YES;
				CLANG_WARN_OBJC_ROOT_CLASS = YES_ERROR;
				CLANG_WARN_QUOTED_INCLUDE_IN_FRAMEWORK_HEADER = YES;
				CLANG_WARN_RANGE_LOOP_ANALYSIS = YES;
				CLANG_WARN_STRICT_PROTOTYPES = YES;
				CLANG_WARN_SUSPICIOUS_MOVE = YES;
				CLANG_WARN_UNGUARDED_AVAILABILITY = YES_AGGRESSIVE;
				CLANG_WARN_UNREACHABLE_CODE = YES;
				CLANG_WARN__DUPLICATE_METHOD_MATCH = YES;
				COPY_PHASE_STRIP = NO;
				DEBUG_INFORMATION_FORMAT = "dwarf-with-dsym";
				ENABLE_NS_ASSERTIONS = NO;
				ENABLE_STRICT_OBJC_MSGSEND = YES;
				GCC_C_LANGUAGE_STANDARD = gnu11;
				GCC_NO_COMMON_BLOCKS = YES;
				GCC_WARN_64_TO_32_BIT_CONVERSION = YES;
				GCC_WARN_ABOUT_RETURN_TYPE = YES_ERROR;
				GCC_WARN_UNDECLARED_SELECTOR = YES;
				GCC_WARN_UNINITIALIZED_AUTOS = YES_AGGRESSIVE;
				GCC_WARN_UNUSED_FUNCTION = YES;
				GCC_WARN_UNUSED_VARIABLE = YES;
				IPHONEOS_DEPLOYMENT_TARGET = 16.2;
				MTL_ENABLE_DEBUG_INFO = NO;
				MTL_FAST_MATH = YES;
				SDKROOT = iphoneos;
				SWIFT_COMPILATION_MODE = wholemodule;
				SWIFT_OPTIMIZATION_LEVEL = "-O";
				VALIDATE_PRODUCT = YES;
			};
			name = Release;
		};
		BFA42AB62AC53262002FAE1F /* Debug */ = {
			isa = XCBuildConfiguration;
			buildSettings = {
				ASSETCATALOG_COMPILER_APPICON_NAME = AppIcon;
				ASSETCATALOG_COMPILER_GLOBAL_ACCENT_COLOR_NAME = AccentColor;
				CODE_SIGN_STYLE = Automatic;
				CURRENT_PROJECT_VERSION = 1;
				DEVELOPMENT_ASSET_PATHS = "\"Fundamentals/Preview Content\"";
				DEVELOPMENT_TEAM = 8ACASK54TM;
				ENABLE_PREVIEWS = YES;
				GENERATE_INFOPLIST_FILE = YES;
				INFOPLIST_FILE = Fundamentals/Info.plist;
				INFOPLIST_KEY_NSCameraUsageDescription = "We need to use the camera to scan the bar code";
				INFOPLIST_KEY_UIApplicationSceneManifest_Generation = YES;
				INFOPLIST_KEY_UIApplicationSupportsIndirectInputEvents = YES;
				INFOPLIST_KEY_UILaunchScreen_Generation = YES;
				INFOPLIST_KEY_UISupportedInterfaceOrientations_iPad = "UIInterfaceOrientationPortrait UIInterfaceOrientationPortraitUpsideDown UIInterfaceOrientationLandscapeLeft UIInterfaceOrientationLandscapeRight";
				INFOPLIST_KEY_UISupportedInterfaceOrientations_iPhone = "UIInterfaceOrientationPortrait UIInterfaceOrientationLandscapeLeft UIInterfaceOrientationLandscapeRight";
				LD_RUNPATH_SEARCH_PATHS = (
					"$(inherited)",
					"@executable_path/Frameworks",
				);
				MARKETING_VERSION = 1.0;
				PRODUCT_BUNDLE_IDENTIFIER = Totality.Fundamentals;
				PRODUCT_NAME = "$(TARGET_NAME)";
				SWIFT_EMIT_LOC_STRINGS = YES;
				SWIFT_VERSION = 5.0;
				TARGETED_DEVICE_FAMILY = "1,2";
			};
			name = Debug;
		};
		BFA42AB72AC53262002FAE1F /* Release */ = {
			isa = XCBuildConfiguration;
			buildSettings = {
				ASSETCATALOG_COMPILER_APPICON_NAME = AppIcon;
				ASSETCATALOG_COMPILER_GLOBAL_ACCENT_COLOR_NAME = AccentColor;
				CODE_SIGN_STYLE = Automatic;
				CURRENT_PROJECT_VERSION = 1;
				DEVELOPMENT_ASSET_PATHS = "\"Fundamentals/Preview Content\"";
				DEVELOPMENT_TEAM = 8ACASK54TM;
				ENABLE_PREVIEWS = YES;
				GENERATE_INFOPLIST_FILE = YES;
				INFOPLIST_FILE = Fundamentals/Info.plist;
				INFOPLIST_KEY_NSCameraUsageDescription = "We need to use the camera to scan the bar code";
				INFOPLIST_KEY_UIApplicationSceneManifest_Generation = YES;
				INFOPLIST_KEY_UIApplicationSupportsIndirectInputEvents = YES;
				INFOPLIST_KEY_UILaunchScreen_Generation = YES;
				INFOPLIST_KEY_UISupportedInterfaceOrientations_iPad = "UIInterfaceOrientationPortrait UIInterfaceOrientationPortraitUpsideDown UIInterfaceOrientationLandscapeLeft UIInterfaceOrientationLandscapeRight";
				INFOPLIST_KEY_UISupportedInterfaceOrientations_iPhone = "UIInterfaceOrientationPortrait UIInterfaceOrientationLandscapeLeft UIInterfaceOrientationLandscapeRight";
				LD_RUNPATH_SEARCH_PATHS = (
					"$(inherited)",
					"@executable_path/Frameworks",
				);
				MARKETING_VERSION = 1.0;
				PRODUCT_BUNDLE_IDENTIFIER = Totality.Fundamentals;
				PRODUCT_NAME = "$(TARGET_NAME)";
				SWIFT_EMIT_LOC_STRINGS = YES;
				SWIFT_VERSION = 5.0;
				TARGETED_DEVICE_FAMILY = "1,2";
			};
			name = Release;
		};
/* End XCBuildConfiguration section */

/* Begin XCConfigurationList section */
		BFA42AA22AC53260002FAE1F /* Build configuration list for PBXProject "Fundamentals" */ = {
			isa = XCConfigurationList;
			buildConfigurations = (
				BFA42AB32AC53262002FAE1F /* Debug */,
				BFA42AB42AC53262002FAE1F /* Release */,
			);
			defaultConfigurationIsVisible = 0;
			defaultConfigurationName = Release;
		};
		BFA42AB52AC53262002FAE1F /* Build configuration list for PBXNativeTarget "Fundamentals" */ = {
			isa = XCConfigurationList;
			buildConfigurations = (
				BFA42AB62AC53262002FAE1F /* Debug */,
				BFA42AB72AC53262002FAE1F /* Release */,
			);
			defaultConfigurationIsVisible = 0;
			defaultConfigurationName = Release;
		};
/* End XCConfigurationList section */
	};
	rootObject = BFA42A9F2AC53260002FAE1F /* Project object */;
}
